
Microsoft Visual Studio Solution File, Format Version 12.00
# Visual Studio Version 17
VisualStudioVersion = 17.10.35027.167
MinimumVisualStudioVersion = 10.0.40219.1
Project("{FAE04EC0-301F-11D3-BF4B-00C04F79EFBC}") = "watermarktool", "watermarktool\watermarktool.csproj", "{9BD45161-F894-4966-866C-ADE644491B9E}"
EndProject
Global
	GlobalSection(SolutionConfigurationPlatforms) = preSolution
		Debug|Any CPU = Debug|Any CPU
		Release|Any CPU = Release|Any CPU
	EndGlobalSection
	GlobalSection(ProjectConfigurationPlatforms) = postSolution
		{9BD45161-F894-4966-866C-ADE644491B9E}.Debug|Any CPU.ActiveCfg = Debug|Any CPU
		{9BD45161-F894-4966-866C-ADE644491B9E}.Debug|Any CPU.Build.0 = Debug|Any CPU
		{9BD45161-F894-4966-866C-ADE644491B9E}.Release|Any CPU.ActiveCfg = Release|Any CPU
		{9BD45161-F894-4966-866C-ADE644491B9E}.Release|Any CPU.Build.0 = Release|Any CPU
	EndGlobalSection
	GlobalSection(SolutionProperties) = preSolution
		HideSolutionNode = FALSE
	EndGlobalSection
	GlobalSection(ExtensibilityGlobals) = postSolution
		SolutionGuid = {CCCC3952-E29C-49FF-AE83-041C5ADCE16A}
	EndGlobalSection
EndGlobal
